PATH
  remote: ..
  specs:
    freekiqs (6.6.0)
      sidekiq (>= 6.5.0)

GEM
  remote: https://rubygems.org/
  specs:
    appraisal (2.5.0)
      bundler
      rake
      thor (>= 0.14.0)
    base64 (0.3.0)
    connection_pool (2.5.5)
    diff-lcs (1.6.2)
    logger (1.7.0)
    rack (3.2.6)
    rake (13.4.2)
    redis-client (0.30.1)
      connection_pool
    rspec (3.13.2)
      rspec-core (~> 3.13.0)
      rspec-expectations (~> 3.13.0)
      rspec-mocks (~> 3.13.0)
    rspec-core (3.13.6)
      rspec-support (~> 3.13.0)
    rspec-expectations (3.13.5)
      diff-lcs (>= 1.2.0, < 2.0)
      rspec-support (~> 3.13.0)
    rspec-mocks (3.13.8)
      diff-lcs (>= 1.2.0, < 2.0)
      rspec-support (~> 3.13.0)
    rspec-support (3.13.7)
    sidekiq (7.3.10)
      base64
      connection_pool (>= 2.3.0, < 3)
      logger
      rack (>= 2.2.4, < 3.3)
      redis-client (>= 0.23.0, < 1)
    thor (1.5.0)

PLATFORMS
  aarch64-linux
  arm64-darwin
  ruby
  x86_64-linux

DEPENDENCIES
  appraisal
  freekiqs!
  rake
  rspec (~> 3.6)
  sidekiq (>= 7.0.0, < 8.0.0)

BUNDLED WITH
  4.0.10
